PODS:
  - AttributesBuilder (0.0.1)

DEPENDENCIES:
  - AttributesBuilder (from `../../AttributesBuilder`)

EXTERNAL SOURCES:
  AttributesBuilder:
    :path: ../../AttributesBuilder

SPEC CHECKSUMS:
  AttributesBuilder: 3314460ad907bd95f977a6a6dd40a1ce392e93dc

PODFILE CHECKSUM: 04185acc585e849936aa90c45b3946c78af029be

COCOAPODS: 1.2.0
